// !$*UTF8*$!
{
	archiveVersion = 1;
	classes = {
	};
	objectVersion = 56;
	objects = {

/* Begin PBXBuildFile section */
		C5E2F29F2AE67FF0000D26B3 /* AppDelegate.swift in Sources */ = {isa = PBXBuildFile; fileRef = C5E2F29E2AE67FF0000D26B3 /* AppDelegate.swift */; };
		C5E2F2A12AE67FF0000D26B3 /* SceneDelegate.swift in Sources */ = {isa = PBXBuildFile; fileRef = C5E2F2A02AE67FF0000D26B3 /* SceneDelegate.swift */; };
		C5E2F2A32AE67FF0000D26B3 /* ViewController.swift in Sources */ = {isa = PBXBuildFile; fileRef = C5E2F2A22AE67FF0000D26B3 /* ViewController.swift */; };
		C5E2F2A62AE67FF0000D26B3 /* Main.storyboard in Resources */ = {isa = PBXBuildFile; fileRef = C5E2F2A42AE67FF0000D26B3 /* Main.storyboard */; };
		C5E2F2A82AE67FF1000D26B3 /* Assets.xcassets in Resources */ = {isa = PBXBuildFile; fileRef = C5E2F2A72AE67FF1000D26B3 /* Assets.xcassets */; };
		C5E2F2AB2AE67FF1000D26B3 /* LaunchScreen.storyboard in Resources */ = {isa = PBXBuildFile; fileRef = C5E2F2A92AE67FF1000D26B3 /* LaunchScreen.storyboard */; };
		C5E2F2BA2AE68006000D26B3 /* StaticLibrary.m in Sources */ = {isa = PBXBuildFile; fileRef = C5E2F2B92AE68006000D26B3 /* StaticLibrary.m */; };
		C5E2F2BB2AE68006000D26B3 /* StaticLibrary.h in CopyFiles */ = {isa = PBXBuildFile; fileRef = C5E2F2B82AE68006000D26B3 /* StaticLibrary.h */; };
		C5E2F2C72AE68044000D26B3 /* DynamicFramework1.h in Headers */ = {isa = PBXBuildFile; fileRef = C5E2F2C62AE68044000D26B3 /* DynamicFramework1.h */; settings = {ATTRIBUTES = (Public, ); }; };
		C5E2F2CD2AE68061000D26B3 /* DF1Class1.h in Headers */ = {isa = PBXBuildFile; fileRef = C5E2F2CB2AE68061000D26B3 /* DF1Class1.h */; settings = {ATTRIBUTES = (Public, ); }; };
		C5E2F2CE2AE68061000D26B3 /* DF1Class1.m in Sources */ = {isa = PBXBuildFile; fileRef = C5E2F2CC2AE68061000D26B3 /* DF1Class1.m */; };
		C5E2F2D72AE68091000D26B3 /* DynamicFramework2.h in Headers */ = {isa = PBXBuildFile; fileRef = C5E2F2D62AE68091000D26B3 /* DynamicFramework2.h */; settings = {ATTRIBUTES = (Public, ); }; };
		C5E2F2DD2AE6809D000D26B3 /* DF2Class1.h in Headers */ = {isa = PBXBuildFile; fileRef = C5E2F2DB2AE6809D000D26B3 /* DF2Class1.h */; settings = {ATTRIBUTES = (Public, ); }; };
		C5E2F2DE2AE6809D000D26B3 /* DF2Class1.m in Sources */ = {isa = PBXBuildFile; fileRef = C5E2F2DC2AE6809D000D26B3 /* DF2Class1.m */; };
		C5E2F2E02AE680CD000D26B3 /* libStaticLibrary.a in Frameworks */ = {isa = PBXBuildFile; fileRef = C5E2F2B62AE68006000D26B3 /* libStaticLibrary.a */; };
		C5E2F2E12AE680D3000D26B3 /* libStaticLibrary.a in Frameworks */ = {isa = PBXBuildFile; fileRef = C5E2F2B62AE68006000D26B3 /* libStaticLibrary.a */; };
		C5E2F2F02AE68529000D26B3 /* DynamicFramework1.framework in Frameworks */ = {isa = PBXBuildFile; fileRef = C5E2F2C42AE68044000D26B3 /* DynamicFramework1.framework */; };
		C5E2F2F12AE68529000D26B3 /* DynamicFramework1.framework in Embed Frameworks */ = {isa = PBXBuildFile; fileRef = C5E2F2C42AE68044000D26B3 /* DynamicFramework1.framework */; settings = {ATTRIBUTES = (CodeSignOnCopy, RemoveHeadersOnCopy, ); }; };
		C5E2F2F32AE6852A000D26B3 /* DynamicFramework2.framework in Frameworks */ = {isa = PBXBuildFile; fileRef = C5E2F2D42AE68091000D26B3 /* DynamicFramework2.framework */; };
		C5E2F2F42AE6852A000D26B3 /* DynamicFramework2.framework in Embed Frameworks */ = {isa = PBXBuildFile; fileRef = C5E2F2D42AE68091000D26B3 /* DynamicFramework2.framework */; settings = {ATTRIBUTES = (CodeSignOnCopy, RemoveHeadersOnCopy, ); }; };
/* End PBXBuildFile section */

/* Begin PBXContainerItemProxy section */
		C5E2F2E42AE681FD000D26B3 /* PBXContainerItemProxy */ = {
			isa = PBXContainerItemProxy;
			containerPortal = C5E2F2932AE67FF0000D26B3 /* Project object */;
			proxyType = 1;
			remoteGlobalIDString = C5E2F2C32AE68044000D26B3;
			remoteInfo = DynamicFramework1;
		};
		C5E2F2E82AE681FD000D26B3 /* PBXContainerItemProxy */ = {
			isa = PBXContainerItemProxy;
			containerPortal = C5E2F2932AE67FF0000D26B3 /* Project object */;
			proxyType = 1;
			remoteGlobalIDString = C5E2F2D32AE68091000D26B3;
			remoteInfo = DynamicFramework2;
		};
/* End PBXContainerItemProxy section */

/* Begin PBXCopyFilesBuildPhase section */
		C5E2F2B42AE68006000D26B3 /* CopyFiles */ = {
			isa = PBXCopyFilesBuildPhase;
			buildActionMask = 2147483647;
			dstPath = "include/$(PRODUCT_NAME)";
			dstSubfolderSpec = 16;
			files = (
				C5E2F2BB2AE68006000D26B3 /* StaticLibrary.h in CopyFiles */,
			);
			runOnlyForDeploymentPostprocessing = 0;
		};
		C5E2F2F22AE68529000D26B3 /* Embed Frameworks */ = {
			isa = PBXCopyFilesBuildPhase;
			buildActionMask = 2147483647;
			dstPath = "";
			dstSubfolderSpec = 10;
			files = (
				C5E2F2F42AE6852A000D26B3 /* DynamicFramework2.framework in Embed Frameworks */,
				C5E2F2F12AE68529000D26B3 /* DynamicFramework1.framework in Embed Frameworks */,
			);
			name = "Embed Frameworks";
			runOnlyForDeploymentPostprocessing = 0;
		};
/* End PBXCopyFilesBuildPhase section */

/* Begin PBXFileReference section */
		C5E2F29B2AE67FF0000D26B3 /* App.app */ = {isa = PBXFileReference; explicitFileType = wrapper.application; includeInIndex = 0; path = App.app; sourceTree = BUILT_PRODUCTS_DIR; };
		C5E2F29E2AE67FF0000D26B3 /* AppDelegate.swift */ = {isa = PBXFileReference; lastKnownFileType = sourcecode.swift; path = AppDelegate.swift; sourceTree = "<group>"; };
		C5E2F2A02AE67FF0000D26B3 /* SceneDelegate.swift */ = {isa = PBXFileReference; lastKnownFileType = sourcecode.swift; path = SceneDelegate.swift; sourceTree = "<group>"; };
		C5E2F2A22AE67FF0000D26B3 /* ViewController.swift */ = {isa = PBXFileReference; lastKnownFileType = sourcecode.swift; path = ViewController.swift; sourceTree = "<group>"; };
		C5E2F2A52AE67FF0000D26B3 /* Base */ = {isa = PBXFileReference; lastKnownFileType = file.storyboard; name = Base; path = Base.lproj/Main.storyboard; sourceTree = "<group>"; };
		C5E2F2A72AE67FF1000D26B3 /* Assets.xcassets */ = {isa = PBXFileReference; lastKnownFileType = folder.assetcatalog; path = Assets.xcassets; sourceTree = "<group>"; };
		C5E2F2AA2AE67FF1000D26B3 /* Base */ = {isa = PBXFileReference; lastKnownFileType = file.storyboard; name = Base; path = Base.lproj/LaunchScreen.storyboard; sourceTree = "<group>"; };
		C5E2F2AC2AE67FF1000D26B3 /* Info.plist */ = {isa = PBXFileReference; lastKnownFileType = text.plist.xml; path = Info.plist; sourceTree = "<group>"; };
		C5E2F2B62AE68006000D26B3 /* libStaticLibrary.a */ = {isa = PBXFileReference; explicitFileType = archive.ar; includeInIndex = 0; path = libStaticLibrary.a; sourceTree = BUILT_PRODUCTS_DIR; };
		C5E2F2B82AE68006000D26B3 /* StaticLibrary.h */ = {isa = PBXFileReference; lastKnownFileType = sourcecode.c.h; path = StaticLibrary.h; sourceTree = "<group>"; };
		C5E2F2B92AE68006000D26B3 /* StaticLibrary.m */ = {isa = PBXFileReference; lastKnownFileType = sourcecode.c.objc; path = StaticLibrary.m; sourceTree = "<group>"; };
		C5E2F2C42AE68044000D26B3 /* DynamicFramework1.framework */ = {isa = PBXFileReference; explicitFileType = wrapper.framework; includeInIndex = 0; path = DynamicFramework1.framework; sourceTree = BUILT_PRODUCTS_DIR; };
		C5E2F2C62AE68044000D26B3 /* DynamicFramework1.h */ = {isa = PBXFileReference; lastKnownFileType = sourcecode.c.h; path = DynamicFramework1.h; sourceTree = "<group>"; };
		C5E2F2CB2AE68061000D26B3 /* DF1Class1.h */ = {isa = PBXFileReference; lastKnownFileType = sourcecode.c.h; path = DF1Class1.h; sourceTree = "<group>"; };
		C5E2F2CC2AE68061000D26B3 /* DF1Class1.m */ = {isa = PBXFileReference; lastKnownFileType = sourcecode.c.objc; path = DF1Class1.m; sourceTree = "<group>"; };
		C5E2F2D42AE68091000D26B3 /* DynamicFramework2.framework */ = {isa = PBXFileReference; explicitFileType = wrapper.framework; includeInIndex = 0; path = DynamicFramework2.framework; sourceTree = BUILT_PRODUCTS_DIR; };
		C5E2F2D62AE68091000D26B3 /* DynamicFramework2.h */ = {isa = PBXFileReference; lastKnownFileType = sourcecode.c.h; path = DynamicFramework2.h; sourceTree = "<group>"; };
		C5E2F2DB2AE6809D000D26B3 /* DF2Class1.h */ = {isa = PBXFileReference; lastKnownFileType = sourcecode.c.h; path = DF2Class1.h; sourceTree = "<group>"; };
		C5E2F2DC2AE6809D000D26B3 /* DF2Class1.m */ = {isa = PBXFileReference; lastKnownFileType = sourcecode.c.objc; path = DF2Class1.m; sourceTree = "<group>"; };
/* End PBXFileReference section */

/* Begin PBXFrameworksBuildPhase section */
		C5E2F2982AE67FF0000D26B3 /* Frameworks */ = {
			isa = PBXFrameworksBuildPhase;
			buildActionMask = 2147483647;
			files = (
				C5E2F2F32AE6852A000D26B3 /* DynamicFramework2.framework in Frameworks */,
				C5E2F2F02AE68529000D26B3 /* DynamicFramework1.framework in Frameworks */,
			);
			runOnlyForDeploymentPostprocessing = 0;
		};
		C5E2F2B32AE68006000D26B3 /* Frameworks */ = {
			isa = PBXFrameworksBuildPhase;
			buildActionMask = 2147483647;
			files = (
			);
			runOnlyForDeploymentPostprocessing = 0;
		};
		C5E2F2C12AE68044000D26B3 /* Frameworks */ = {
			isa = PBXFrameworksBuildPhase;
			buildActionMask = 2147483647;
			files = (
				C5E2F2E02AE680CD000D26B3 /* libStaticLibrary.a in Frameworks */,
			);
			runOnlyForDeploymentPostprocessing = 0;
		};
		C5E2F2D12AE68091000D26B3 /* Frameworks */ = {
			isa = PBXFrameworksBuildPhase;
			buildActionMask = 2147483647;
			files = (
				C5E2F2E12AE680D3000D26B3 /* libStaticLibrary.a in Frameworks */,
			);
			runOnlyForDeploymentPostprocessing = 0;
		};
/* End PBXFrameworksBuildPhase section */

/* Begin PBXGroup section */
		C5E2F2922AE67FF0000D26B3 = {
			isa = PBXGroup;
			children = (
				C5E2F29D2AE67FF0000D26B3 /* App */,
				C5E2F2B72AE68006000D26B3 /* StaticLibrary */,
				C5E2F2C52AE68044000D26B3 /* DynamicFramework1 */,
				C5E2F2D52AE68091000D26B3 /* DynamicFramework2 */,
				C5E2F29C2AE67FF0000D26B3 /* Products */,
				C5E2F2DF2AE680CD000D26B3 /* Frameworks */,
			);
			sourceTree = "<group>";
		};
		C5E2F29C2AE67FF0000D26B3 /* Products */ = {
			isa = PBXGroup;
			children = (
				C5E2F29B2AE67FF0000D26B3 /* App.app */,
				C5E2F2B62AE68006000D26B3 /* libStaticLibrary.a */,
				C5E2F2C42AE68044000D26B3 /* DynamicFramework1.framework */,
				C5E2F2D42AE68091000D26B3 /* DynamicFramework2.framework */,
			);
			name = Products;
			sourceTree = "<group>";
		};
		C5E2F29D2AE67FF0000D26B3 /* App */ = {
			isa = PBXGroup;
			children = (
				C5E2F29E2AE67FF0000D26B3 /* AppDelegate.swift */,
				C5E2F2A02AE67FF0000D26B3 /* SceneDelegate.swift */,
				C5E2F2A22AE67FF0000D26B3 /* ViewController.swift */,
				C5E2F2A42AE67FF0000D26B3 /* Main.storyboard */,
				C5E2F2A72AE67FF1000D26B3 /* Assets.xcassets */,
				C5E2F2A92AE67FF1000D26B3 /* LaunchScreen.storyboard */,
				C5E2F2AC2AE67FF1000D26B3 /* Info.plist */,
			);
			path = App;
			sourceTree = "<group>";
		};
		C5E2F2B72AE68006000D26B3 /* StaticLibrary */ = {
			isa = PBXGroup;
			children = (
				C5E2F2B82AE68006000D26B3 /* StaticLibrary.h */,
				C5E2F2B92AE68006000D26B3 /* StaticLibrary.m */,
			);
			path = StaticLibrary;
			sourceTree = "<group>";
		};
		C5E2F2C52AE68044000D26B3 /* DynamicFramework1 */ = {
			isa = PBXGroup;
			children = (
				C5E2F2C62AE68044000D26B3 /* DynamicFramework1.h */,
				C5E2F2CB2AE68061000D26B3 /* DF1Class1.h */,
				C5E2F2CC2AE68061000D26B3 /* DF1Class1.m */,
			);
			path = DynamicFramework1;
			sourceTree = "<group>";
		};
		C5E2F2D52AE68091000D26B3 /* DynamicFramework2 */ = {
			isa = PBXGroup;
			children = (
				C5E2F2D62AE68091000D26B3 /* DynamicFramework2.h */,
				C5E2F2DB2AE6809D000D26B3 /* DF2Class1.h */,
				C5E2F2DC2AE6809D000D26B3 /* DF2Class1.m */,
			);
			path = DynamicFramework2;
			sourceTree = "<group>";
		};
		C5E2F2DF2AE680CD000D26B3 /* Frameworks */ = {
			isa = PBXGroup;
			children = (
			);
			name = Frameworks;
			sourceTree = "<group>";
		};
/* End PBXGroup section */

/* Begin PBXHeadersBuildPhase section */
		C5E2F2BF2AE68044000D26B3 /* Headers */ = {
			isa = PBXHeadersBuildPhase;
			buildActionMask = 2147483647;
			files = (
				C5E2F2C72AE68044000D26B3 /* DynamicFramework1.h in Headers */,
				C5E2F2CD2AE68061000D26B3 /* DF1Class1.h in Headers */,
			);
			runOnlyForDeploymentPostprocessing = 0;
		};
		C5E2F2CF2AE68091000D26B3 /* Headers */ = {
			isa = PBXHeadersBuildPhase;
			buildActionMask = 2147483647;
			files = (
				C5E2F2DD2AE6809D000D26B3 /* DF2Class1.h in Headers */,
				C5E2F2D72AE68091000D26B3 /* DynamicFramework2.h in Headers */,
			);
			runOnlyForDeploymentPostprocessing = 0;
		};
/* End PBXHeadersBuildPhase section */

/* Begin PBXNativeTarget section */
		C5E2F29A2AE67FF0000D26B3 /* App */ = {
			isa = PBXNativeTarget;
			buildConfigurationList = C5E2F2AF2AE67FF1000D26B3 /* Build configuration list for PBXNativeTarget "App" */;
			buildPhases = (
				C5E2F2972AE67FF0000D26B3 /* Sources */,
				C5E2F2982AE67FF0000D26B3 /* Frameworks */,
				C5E2F2992AE67FF0000D26B3 /* Resources */,
				C5E2F2F22AE68529000D26B3 /* Embed Frameworks */,
			);
			buildRules = (
			);
			dependencies = (
				C5E2F2E52AE681FD000D26B3 /* PBXTargetDependency */,
				C5E2F2E92AE681FD000D26B3 /* PBXTargetDependency */,
			);
			name = App;
			productName = App;
			productReference = C5E2F29B2AE67FF0000D26B3 /* App.app */;
			productType = "com.apple.product-type.application";
		};
		C5E2F2B52AE68006000D26B3 /* StaticLibrary */ = {
			isa = PBXNativeTarget;
			buildConfigurationList = C5E2F2BC2AE68006000D26B3 /* Build configuration list for PBXNativeTarget "StaticLibrary" */;
			buildPhases = (
				C5E2F2B22AE68006000D26B3 /* Sources */,
				C5E2F2B32AE68006000D26B3 /* Frameworks */,
				C5E2F2B42AE68006000D26B3 /* CopyFiles */,
			);
			buildRules = (
			);
			dependencies = (
			);
			name = StaticLibrary;
			productName = StaticLibrary;
			productReference = C5E2F2B62AE68006000D26B3 /* libStaticLibrary.a */;
			productType = "com.apple.product-type.library.static";
		};
		C5E2F2C32AE68044000D26B3 /* DynamicFramework1 */ = {
			isa = PBXNativeTarget;
			buildConfigurationList = C5E2F2C82AE68044000D26B3 /* Build configuration list for PBXNativeTarget "DynamicFramework1" */;
			buildPhases = (
				C5E2F2BF2AE68044000D26B3 /* Headers */,
				C5E2F2C02AE68044000D26B3 /* Sources */,
				C5E2F2C12AE68044000D26B3 /* Frameworks */,
				C5E2F2C22AE68044000D26B3 /* Resources */,
			);
			buildRules = (
			);
			dependencies = (
			);
			name = DynamicFramework1;
			productName = DynamicFramework1;
			productReference = C5E2F2C42AE68044000D26B3 /* DynamicFramework1.framework */;
			productType = "com.apple.product-type.framework";
		};
		C5E2F2D32AE68091000D26B3 /* DynamicFramework2 */ = {
			isa = PBXNativeTarget;
			buildConfigurationList = C5E2F2D82AE68091000D26B3 /* Build configuration list for PBXNativeTarget "DynamicFramework2" */;
			buildPhases = (
				C5E2F2CF2AE68091000D26B3 /* Headers */,
				C5E2F2D02AE68091000D26B3 /* Sources */,
				C5E2F2D12AE68091000D26B3 /* Frameworks */,
				C5E2F2D22AE68091000D26B3 /* Resources */,
			);
			buildRules = (
			);
			dependencies = (
			);
			name = DynamicFramework2;
			productName = DynamicFramework2;
			productReference = C5E2F2D42AE68091000D26B3 /* DynamicFramework2.framework */;
			productType = "com.apple.product-type.framework";
		};
/* End PBXNativeTarget section */

/* Begin PBXProject section */
		C5E2F2932AE67FF0000D26B3 /* Project object */ = {
			isa = PBXProject;
			attributes = {
				BuildIndependentTargetsInParallel = 1;
				LastSwiftUpdateCheck = 1500;
				LastUpgradeCheck = 1500;
				TargetAttributes = {
					C5E2F29A2AE67FF0000D26B3 = {
						CreatedOnToolsVersion = 15.0.1;
					};
					C5E2F2B52AE68006000D26B3 = {
						CreatedOnToolsVersion = 15.0.1;
					};
					C5E2F2C32AE68044000D26B3 = {
						CreatedOnToolsVersion = 15.0.1;
					};
					C5E2F2D32AE68091000D26B3 = {
						CreatedOnToolsVersion = 15.0.1;
					};
				};
			};
			buildConfigurationList = C5E2F2962AE67FF0000D26B3 /* Build configuration list for PBXProject "App" */;
			compatibilityVersion = "Xcode 14.0";
			developmentRegion = en;
			hasScannedForEncodings = 0;
			knownRegions = (
				en,
				Base,
			);
			mainGroup = C5E2F2922AE67FF0000D26B3;
			productRefGroup = C5E2F29C2AE67FF0000D26B3 /* Products */;
			projectDirPath = "";
			projectRoot = "";
			targets = (
				C5E2F29A2AE67FF0000D26B3 /* App */,
				C5E2F2B52AE68006000D26B3 /* StaticLibrary */,
				C5E2F2C32AE68044000D26B3 /* DynamicFramework1 */,
				C5E2F2D32AE68091000D26B3 /* DynamicFramework2 */,
			);
		};
/* End PBXProject section */

/* Begin PBXResourcesBuildPhase section */
		C5E2F2992AE67FF0000D26B3 /* Resources */ = {
			isa = PBXResourcesBuildPhase;
			buildActionMask = 2147483647;
			files = (
				C5E2F2AB2AE67FF1000D26B3 /* LaunchScreen.storyboard in Resources */,
				C5E2F2A82AE67FF1000D26B3 /* Assets.xcassets in Resources */,
				C5E2F2A62AE67FF0000D26B3 /* Main.storyboard in Resources */,
			);
			runOnlyForDeploymentPostprocessing = 0;
		};
		C5E2F2C22AE68044000D26B3 /* Resources */ = {
			isa = PBXResourcesBuildPhase;
			buildActionMask = 2147483647;
			files = (
			);
			runOnlyForDeploymentPostprocessing = 0;
		};
		C5E2F2D22AE68091000D26B3 /* Resources */ = {
			isa = PBXResourcesBuildPhase;
			buildActionMask = 2147483647;
			files = (
			);
			runOnlyForDeploymentPostprocessing = 0;
		};
/* End PBXResourcesBuildPhase section */

/* Begin PBXSourcesBuildPhase section */
		C5E2F2972AE67FF0000D26B3 /* Sources */ = {
			isa = PBXSourcesBuildPhase;
			buildActionMask = 2147483647;
			files = (
				C5E2F2A32AE67FF0000D26B3 /* ViewController.swift in Sources */,
				C5E2F29F2AE67FF0000D26B3 /* AppDelegate.swift in Sources */,
				C5E2F2A12AE67FF0000D26B3 /* SceneDelegate.swift in Sources */,
			);
			runOnlyForDeploymentPostprocessing = 0;
		};
		C5E2F2B22AE68006000D26B3 /* Sources */ = {
			isa = PBXSourcesBuildPhase;
			buildActionMask = 2147483647;
			files = (
				C5E2F2BA2AE68006000D26B3 /* StaticLibrary.m in Sources */,
			);
			runOnlyForDeploymentPostprocessing = 0;
		};
		C5E2F2C02AE68044000D26B3 /* Sources */ = {
			isa = PBXSourcesBuildPhase;
			buildActionMask = 2147483647;
			files = (
				C5E2F2CE2AE68061000D26B3 /* DF1Class1.m in Sources */,
			);
			runOnlyForDeploymentPostprocessing = 0;
		};
		C5E2F2D02AE68091000D26B3 /* Sources */ = {
			isa = PBXSourcesBuildPhase;
			buildActionMask = 2147483647;
			files = (
				C5E2F2DE2AE6809D000D26B3 /* DF2Class1.m in Sources */,
			);
			runOnlyForDeploymentPostprocessing = 0;
		};
/* End PBXSourcesBuildPhase section */

/* Begin PBXTargetDependency section */
		C5E2F2E52AE681FD000D26B3 /* PBXTargetDependency */ = {
			isa = PBXTargetDependency;
			target = C5E2F2C32AE68044000D26B3 /* DynamicFramework1 */;
			targetProxy = C5E2F2E42AE681FD000D26B3 /* PBXContainerItemProxy */;
		};
		C5E2F2E92AE681FD000D26B3 /* PBXTargetDependency */ = {
			isa = PBXTargetDependency;
			target = C5E2F2D32AE68091000D26B3 /* DynamicFramework2 */;
			targetProxy = C5E2F2E82AE681FD000D26B3 /* PBXContainerItemProxy */;
		};
/* End PBXTargetDependency section */

/* Begin PBXVariantGroup section */
		C5E2F2A42AE67FF0000D26B3 /* Main.storyboard */ = {
			isa = PBXVariantGroup;
			children = (
				C5E2F2A52AE67FF0000D26B3 /* Base */,
			);
			name = Main.storyboard;
			sourceTree = "<group>";
		};
		C5E2F2A92AE67FF1000D26B3 /* LaunchScreen.storyboard */ = {
			isa = PBXVariantGroup;
			children = (
				C5E2F2AA2AE67FF1000D26B3 /* Base */,
			);
			name = LaunchScreen.storyboard;
			sourceTree = "<group>";
		};
/* End PBXVariantGroup section */

/* Begin XCBuildConfiguration section */
		C5E2F2AD2AE67FF1000D26B3 /* Debug */ = {
			isa = XCBuildConfiguration;
			buildSettings = {
				ALWAYS_SEARCH_USER_PATHS = NO;
				ASSETCATALOG_COMPILER_GENERATE_SWIFT_ASSET_SYMBOL_EXTENSIONS = YES;
				CLANG_ANALYZER_NONNULL = YES;
				CLANG_ANALYZER_NUMBER_OBJECT_CONVERSION = YES_AGGRESSIVE;
				CLANG_CXX_LANGUAGE_STANDARD = "gnu++20";
				CLANG_ENABLE_MODULES = YES;
				CLANG_ENABLE_OBJC_ARC = YES;
				CLANG_ENABLE_OBJC_WEAK = YES;
				CLANG_MODULES_AUTOLINK = NO;
				CLANG_WARN_BLOCK_CAPTURE_AUTORELEASING = YES;
				CLANG_WARN_BOOL_CONVERSION = YES;
				CLANG_WARN_COMMA = YES;
				CLANG_WARN_CONSTANT_CONVERSION = YES;
				CLANG_WARN_DEPRECATED_OBJC_IMPLEMENTATIONS = YES;
				CLANG_WARN_DIRECT_OBJC_ISA_USAGE = YES_ERROR;
				CLANG_WARN_DOCUMENTATION_COMMENTS = YES;
				CLANG_WARN_EMPTY_BODY = YES;
				CLANG_WARN_ENUM_CONVERSION = YES;
				CLANG_WARN_INFINITE_RECURSION = YES;
				CLANG_WARN_INT_CONVERSION = YES;
				CLANG_WARN_NON_LITERAL_NULL_CONVERSION = YES;
				CLANG_WARN_OBJC_IMPLICIT_RETAIN_SELF = YES;
				CLANG_WARN_OBJC_LITERAL_CONVERSION = YES;
				CLANG_WARN_OBJC_ROOT_CLASS = YES_ERROR;
				CLANG_WARN_QUOTED_INCLUDE_IN_FRAMEWORK_HEADER = YES;
				CLANG_WARN_RANGE_LOOP_ANALYSIS = YES;
				CLANG_WARN_STRICT_PROTOTYPES = YES;
				CLANG_WARN_SUSPICIOUS_MOVE = YES;
				CLANG_WARN_UNGUARDED_AVAILABILITY = YES_AGGRESSIVE;
				CLANG_WARN_UNREACHABLE_CODE = YES;
				CLANG_WARN__DUPLICATE_METHOD_MATCH = YES;
				COPY_PHASE_STRIP = NO;
				DEBUG_INFORMATION_FORMAT = dwarf;
				ENABLE_STRICT_OBJC_MSGSEND = YES;
				ENABLE_TESTABILITY = YES;
				ENABLE_USER_SCRIPT_SANDBOXING = YES;
				GCC_C_LANGUAGE_STANDARD = gnu17;
				GCC_DYNAMIC_NO_PIC = NO;
				GCC_NO_COMMON_BLOCKS = YES;
				GCC_OPTIMIZATION_LEVEL = 0;
				GCC_PREPROCESSOR_DEFINITIONS = (
					"DEBUG=1",
					"$(inherited)",
				);
				GCC_WARN_64_TO_32_BIT_CONVERSION = YES;
				GCC_WARN_ABOUT_RETURN_TYPE = YES_ERROR;
				GCC_WARN_UNDECLARED_SELECTOR = YES;
				GCC_WARN_UNINITIALIZED_AUTOS = YES_AGGRESSIVE;
				GCC_WARN_UNUSED_FUNCTION = YES;
				GCC_WARN_UNUSED_VARIABLE = YES;
				IPHONEOS_DEPLOYMENT_TARGET = 17.0;
				LOCALIZATION_PREFERS_STRING_CATALOGS = YES;
				MTL_ENABLE_DEBUG_INFO = INCLUDE_SOURCE;
				MTL_FAST_MATH = YES;
				ONLY_ACTIVE_ARCH = YES;
				SDKROOT = iphoneos;
				SWIFT_ACTIVE_COMPILATION_CONDITIONS = "DEBUG $(inherited)";
				SWIFT_OPTIMIZATION_LEVEL = "-Onone";
			};
			name = Debug;
		};
		C5E2F2AE2AE67FF1000D26B3 /* Release */ = {
			isa = XCBuildConfiguration;
			buildSettings = {
				ALWAYS_SEARCH_USER_PATHS = NO;
				ASSETCATALOG_COMPILER_GENERATE_SWIFT_ASSET_SYMBOL_EXTENSIONS = YES;
				CLANG_ANALYZER_NONNULL = YES;
				CLANG_ANALYZER_NUMBER_OBJECT_CONVERSION = YES_AGGRESSIVE;
				CLANG_CXX_LANGUAGE_STANDARD = "gnu++20";
				CLANG_ENABLE_MODULES = YES;
				CLANG_ENABLE_OBJC_ARC = YES;
				CLANG_ENABLE_OBJC_WEAK = YES;
				CLANG_MODULES_AUTOLINK = NO;
				CLANG_WARN_BLOCK_CAPTURE_AUTORELEASING = YES;
				CLANG_WARN_BOOL_CONVERSION = YES;
				CLANG_WARN_COMMA = YES;
				CLANG_WARN_CONSTANT_CONVERSION = YES;
				CLANG_WARN_DEPRECATED_OBJC_IMPLEMENTATIONS = YES;
				CLANG_WARN_DIRECT_OBJC_ISA_USAGE = YES_ERROR;
				CLANG_WARN_DOCUMENTATION_COMMENTS = YES;
				CLANG_WARN_EMPTY_BODY = YES;
				CLANG_WARN_ENUM_CONVERSION = YES;
				CLANG_WARN_INFINITE_RECURSION = YES;
				CLANG_WARN_INT_CONVERSION = YES;
				CLANG_WARN_NON_LITERAL_NULL_CONVERSION = YES;
				CLANG_WARN_OBJC_IMPLICIT_RETAIN_SELF = YES;
				CLANG_WARN_OBJC_LITERAL_CONVERSION = YES;
				CLANG_WARN_OBJC_ROOT_CLASS = YES_ERROR;
				CLANG_WARN_QUOTED_INCLUDE_IN_FRAMEWORK_HEADER = YES;
				CLANG_WARN_RANGE_LOOP_ANALYSIS = YES;
				CLANG_WARN_STRICT_PROTOTYPES = YES;
				CLANG_WARN_SUSPICIOUS_MOVE = YES;
				CLANG_WARN_UNGUARDED_AVAILABILITY = YES_AGGRESSIVE;
				CLANG_WARN_UNREACHABLE_CODE = YES;
				CLANG_WARN__DUPLICATE_METHOD_MATCH = YES;
				COPY_PHASE_STRIP = NO;
				DEBUG_INFORMATION_FORMAT = "dwarf-with-dsym";
				ENABLE_NS_ASSERTIONS = NO;
				ENABLE_STRICT_OBJC_MSGSEND = YES;
				ENABLE_USER_SCRIPT_SANDBOXING = YES;
				GCC_C_LANGUAGE_STANDARD = gnu17;
				GCC_NO_COMMON_BLOCKS = YES;
				GCC_WARN_64_TO_32_BIT_CONVERSION = YES;
				GCC_WARN_ABOUT_RETURN_TYPE = YES_ERROR;
				GCC_WARN_UNDECLARED_SELECTOR = YES;
				GCC_WARN_UNINITIALIZED_AUTOS = YES_AGGRESSIVE;
				GCC_WARN_UNUSED_FUNCTION = YES;
				GCC_WARN_UNUSED_VARIABLE = YES;
				IPHONEOS_DEPLOYMENT_TARGET = 17.0;
				LOCALIZATION_PREFERS_STRING_CATALOGS = YES;
				MTL_ENABLE_DEBUG_INFO = NO;
				MTL_FAST_MATH = YES;
				SDKROOT = iphoneos;
				SWIFT_COMPILATION_MODE = wholemodule;
				VALIDATE_PRODUCT = YES;
			};
			name = Release;
		};
		C5E2F2B02AE67FF1000D26B3 /* Debug */ = {
			isa = XCBuildConfiguration;
			buildSettings = {
				ASSETCATALOG_COMPILER_APPICON_NAME = AppIcon;
				ASSETCATALOG_COMPILER_GLOBAL_ACCENT_COLOR_NAME = AccentColor;
				CODE_SIGN_STYLE = Automatic;
				CURRENT_PROJECT_VERSION = 1;
				GENERATE_INFOPLIST_FILE = YES;
				INFOPLIST_FILE = App/Info.plist;
				INFOPLIST_KEY_UIApplicationSupportsIndirectInputEvents = YES;
				INFOPLIST_KEY_UILaunchStoryboardName = LaunchScreen;
				INFOPLIST_KEY_UIMainStoryboardFile = Main;
				INFOPLIST_KEY_UISupportedInterfaceOrientations_iPad = "UIInterfaceOrientationPortrait UIInterfaceOrientationPortraitUpsideDown UIInterfaceOrientationLandscapeLeft UIInterfaceOrientationLandscapeRight";
				INFOPLIST_KEY_UISupportedInterfaceOrientations_iPhone = "UIInterfaceOrientationPortrait UIInterfaceOrientationLandscapeLeft UIInterfaceOrientationLandscapeRight";
				LD_RUNPATH_SEARCH_PATHS = (
					"$(inherited)",
					"@executable_path/Frameworks",
				);
				MARKETING_VERSION = 1.0;
				MERGED_BINARY_TYPE = manual;
				PRODUCT_BUNDLE_IDENTIFIER = com.masabi.App;
				PRODUCT_NAME = "$(TARGET_NAME)";
				SWIFT_EMIT_LOC_STRINGS = YES;
				SWIFT_VERSION = 5.0;
				TARGETED_DEVICE_FAMILY = "1,2";
			};
			name = Debug;
		};
		C5E2F2B12AE67FF1000D26B3 /* Release */ = {
			isa = XCBuildConfiguration;
			buildSettings = {
				ASSETCATALOG_COMPILER_APPICON_NAME = AppIcon;
				ASSETCATALOG_COMPILER_GLOBAL_ACCENT_COLOR_NAME = AccentColor;
				CODE_SIGN_STYLE = Automatic;
				CURRENT_PROJECT_VERSION = 1;
				GENERATE_INFOPLIST_FILE = YES;
				INFOPLIST_FILE = App/Info.plist;
				INFOPLIST_KEY_UIApplicationSupportsIndirectInputEvents = YES;
				INFOPLIST_KEY_UILaunchStoryboardName = LaunchScreen;
				INFOPLIST_KEY_UIMainStoryboardFile = Main;
				INFOPLIST_KEY_UISupportedInterfaceOrientations_iPad = "UIInterfaceOrientationPortrait UIInterfaceOrientationPortraitUpsideDown UIInterfaceOrientationLandscapeLeft UIInterfaceOrientationLandscapeRight";
				INFOPLIST_KEY_UISupportedInterfaceOrientations_iPhone = "UIInterfaceOrientationPortrait UIInterfaceOrientationLandscapeLeft UIInterfaceOrientationLandscapeRight";
				LD_RUNPATH_SEARCH_PATHS = (
					"$(inherited)",
					"@executable_path/Frameworks",
				);
				MARKETING_VERSION = 1.0;
				MERGED_BINARY_TYPE = manual;
				PRODUCT_BUNDLE_IDENTIFIER = com.masabi.App;
				PRODUCT_NAME = "$(TARGET_NAME)";
				SWIFT_EMIT_LOC_STRINGS = YES;
				SWIFT_VERSION = 5.0;
				TARGETED_DEVICE_FAMILY = "1,2";
			};
			name = Release;
		};
		C5E2F2BD2AE68006000D26B3 /* Debug */ = {
			isa = XCBuildConfiguration;
			buildSettings = {
				CODE_SIGN_STYLE = Automatic;
				OTHER_LDFLAGS = "-ObjC";
				PRODUCT_NAME = "$(TARGET_NAME)";
				SKIP_INSTALL = YES;
				TARGETED_DEVICE_FAMILY = "1,2";
			};
			name = Debug;
		};
		C5E2F2BE2AE68006000D26B3 /* Release */ = {
			isa = XCBuildConfiguration;
			buildSettings = {
				CODE_SIGN_STYLE = Automatic;
				OTHER_LDFLAGS = "-ObjC";
				PRODUCT_NAME = "$(TARGET_NAME)";
				SKIP_INSTALL = YES;
				TARGETED_DEVICE_FAMILY = "1,2";
			};
			name = Release;
		};
		C5E2F2C92AE68044000D26B3 /* Debug */ = {
			isa = XCBuildConfiguration;
			buildSettings = {
				CODE_SIGN_STYLE = Automatic;
				CURRENT_PROJECT_VERSION = 1;
				DEFINES_MODULE = YES;
				DYLIB_COMPATIBILITY_VERSION = 1;
				DYLIB_CURRENT_VERSION = 1;
				DYLIB_INSTALL_NAME_BASE = "@rpath";
				ENABLE_MODULE_VERIFIER = YES;
				GENERATE_INFOPLIST_FILE = YES;
				INFOPLIST_KEY_NSHumanReadableCopyright = "";
				INSTALL_PATH = "$(LOCAL_LIBRARY_DIR)/Frameworks";
				LD_RUNPATH_SEARCH_PATHS = (
					"$(inherited)",
					"@executable_path/Frameworks",
					"@loader_path/Frameworks",
				);
				MARKETING_VERSION = 1.0;
				MERGEABLE_LIBRARY = YES;
				MODULE_VERIFIER_SUPPORTED_LANGUAGES = "objective-c objective-c++";
				MODULE_VERIFIER_SUPPORTED_LANGUAGE_STANDARDS = "gnu17 gnu++20";
				PRODUCT_BUNDLE_IDENTIFIER = com.masabi.DynamicFramework1;
				PRODUCT_NAME = "$(TARGET_NAME:c99extidentifier)";
				SKIP_INSTALL = YES;
				SWIFT_EMIT_LOC_STRINGS = YES;
				TARGETED_DEVICE_FAMILY = "1,2";
				VERSIONING_SYSTEM = "apple-generic";
				VERSION_INFO_PREFIX = "";
			};
			name = Debug;
		};
		C5E2F2CA2AE68044000D26B3 /* Release */ = {
			isa = XCBuildConfiguration;
			buildSettings = {
				CODE_SIGN_STYLE = Automatic;
				CURRENT_PROJECT_VERSION = 1;
				DEFINES_MODULE = YES;
				DYLIB_COMPATIBILITY_VERSION = 1;
				DYLIB_CURRENT_VERSION = 1;
				DYLIB_INSTALL_NAME_BASE = "@rpath";
				ENABLE_MODULE_VERIFIER = YES;
				GENERATE_INFOPLIST_FILE = YES;
				INFOPLIST_KEY_NSHumanReadableCopyright = "";
				INSTALL_PATH = "$(LOCAL_LIBRARY_DIR)/Frameworks";
				LD_RUNPATH_SEARCH_PATHS = (
					"$(inherited)",
					"@executable_path/Frameworks",
					"@loader_path/Frameworks",
				);
				MARKETING_VERSION = 1.0;
				MERGEABLE_LIBRARY = YES;
				MODULE_VERIFIER_SUPPORTED_LANGUAGES = "objective-c objective-c++";
				MODULE_VERIFIER_SUPPORTED_LANGUAGE_STANDARDS = "gnu17 gnu++20";
				PRODUCT_BUNDLE_IDENTIFIER = com.masabi.DynamicFramework1;
				PRODUCT_NAME = "$(TARGET_NAME:c99extidentifier)";
				SKIP_INSTALL = YES;
				SWIFT_EMIT_LOC_STRINGS = YES;
				TARGETED_DEVICE_FAMILY = "1,2";
				VERSIONING_SYSTEM = "apple-generic";
				VERSION_INFO_PREFIX = "";
			};
			name = Release;
		};
		C5E2F2D92AE68091000D26B3 /* Debug */ = {
			isa = XCBuildConfiguration;
			buildSettings = {
				CODE_SIGN_STYLE = Automatic;
				CURRENT_PROJECT_VERSION = 1;
				DEFINES_MODULE = YES;
				DYLIB_COMPATIBILITY_VERSION = 1;
				DYLIB_CURRENT_VERSION = 1;
				DYLIB_INSTALL_NAME_BASE = "@rpath";
				ENABLE_MODULE_VERIFIER = YES;
				GENERATE_INFOPLIST_FILE = YES;
				INFOPLIST_KEY_NSHumanReadableCopyright = "";
				INSTALL_PATH = "$(LOCAL_LIBRARY_DIR)/Frameworks";
				LD_RUNPATH_SEARCH_PATHS = (
					"$(inherited)",
					"@executable_path/Frameworks",
					"@loader_path/Frameworks",
				);
				MARKETING_VERSION = 1.0;
				MERGEABLE_LIBRARY = YES;
				MODULE_VERIFIER_SUPPORTED_LANGUAGES = "objective-c objective-c++";
				MODULE_VERIFIER_SUPPORTED_LANGUAGE_STANDARDS = "gnu17 gnu++20";
				PRODUCT_BUNDLE_IDENTIFIER = com.masabi.DynamicFramework2;
				PRODUCT_NAME = "$(TARGET_NAME:c99extidentifier)";
				SKIP_INSTALL = YES;
				SWIFT_EMIT_LOC_STRINGS = YES;
				TARGETED_DEVICE_FAMILY = "1,2";
				VERSIONING_SYSTEM = "apple-generic";
				VERSION_INFO_PREFIX = "";
			};
			name = Debug;
		};
		C5E2F2DA2AE68091000D26B3 /* Release */ = {
			isa = XCBuildConfiguration;
			buildSettings = {
				CODE_SIGN_STYLE = Automatic;
				CURRENT_PROJECT_VERSION = 1;
				DEFINES_MODULE = YES;
				DYLIB_COMPATIBILITY_VERSION = 1;
				DYLIB_CURRENT_VERSION = 1;
				DYLIB_INSTALL_NAME_BASE = "@rpath";
				ENABLE_MODULE_VERIFIER = YES;
				GENERATE_INFOPLIST_FILE = YES;
				INFOPLIST_KEY_NSHumanReadableCopyright = "";
				INSTALL_PATH = "$(LOCAL_LIBRARY_DIR)/Frameworks";
				LD_RUNPATH_SEARCH_PATHS = (
					"$(inherited)",
					"@executable_path/Frameworks",
					"@loader_path/Frameworks",
				);
				MARKETING_VERSION = 1.0;
				MERGEABLE_LIBRARY = YES;
				MODULE_VERIFIER_SUPPORTED_LANGUAGES = "objective-c objective-c++";
				MODULE_VERIFIER_SUPPORTED_LANGUAGE_STANDARDS = "gnu17 gnu++20";
				PRODUCT_BUNDLE_IDENTIFIER = com.masabi.DynamicFramework2;
				PRODUCT_NAME = "$(TARGET_NAME:c99extidentifier)";
				SKIP_INSTALL = YES;
				SWIFT_EMIT_LOC_STRINGS = YES;
				TARGETED_DEVICE_FAMILY = "1,2";
				VERSIONING_SYSTEM = "apple-generic";
				VERSION_INFO_PREFIX = "";
			};
			name = Release;
		};
/* End XCBuildConfiguration section */

/* Begin XCConfigurationList section */
		C5E2F2962AE67FF0000D26B3 /* Build configuration list for PBXProject "App" */ = {
			isa = XCConfigurationList;
			buildConfigurations = (
				C5E2F2AD2AE67FF1000D26B3 /* Debug */,
				C5E2F2AE2AE67FF1000D26B3 /* Release */,
			);
			defaultConfigurationIsVisible = 0;
			defaultConfigurationName = Release;
		};
		C5E2F2AF2AE67FF1000D26B3 /* Build configuration list for PBXNativeTarget "App" */ = {
			isa = XCConfigurationList;
			buildConfigurations = (
				C5E2F2B02AE67FF1000D26B3 /* Debug */,
				C5E2F2B12AE67FF1000D26B3 /* Release */,
			);
			defaultConfigurationIsVisible = 0;
			defaultConfigurationName = Release;
		};
		C5E2F2BC2AE68006000D26B3 /* Build configuration list for PBXNativeTarget "StaticLibrary" */ = {
			isa = XCConfigurationList;
			buildConfigurations = (
				C5E2F2BD2AE68006000D26B3 /* Debug */,
				C5E2F2BE2AE68006000D26B3 /* Release */,
			);
			defaultConfigurationIsVisible = 0;
			defaultConfigurationName = Release;
		};
		C5E2F2C82AE68044000D26B3 /* Build configuration list for PBXNativeTarget "DynamicFramework1" */ = {
			isa = XCConfigurationList;
			buildConfigurations = (
				C5E2F2C92AE68044000D26B3 /* Debug */,
				C5E2F2CA2AE68044000D26B3 /* Release */,
			);
			defaultConfigurationIsVisible = 0;
			defaultConfigurationName = Release;
		};
		C5E2F2D82AE68091000D26B3 /* Build configuration list for PBXNativeTarget "DynamicFramework2" */ = {
			isa = XCConfigurationList;
			buildConfigurations = (
				C5E2F2D92AE68091000D26B3 /* Debug */,
				C5E2F2DA2AE68091000D26B3 /* Release */,
			);
			defaultConfigurationIsVisible = 0;
			defaultConfigurationName = Release;
		};
/* End XCConfigurationList section */
	};
	rootObject = C5E2F2932AE67FF0000D26B3 /* Project object */;
}
